
Microsoft Visual Studio Solution File, Format Version 12.00
# Visual Studio 15
VisualStudioVersion = 15.0.26730.16
MinimumVisualStudioVersion = 10.0.40219.1
Project("{E24C65DC-7377-472B-9ABA-BC803B73C61A}") = "Nimish", "..\..\WebSites\Nimish\", "{9387A6ED-F5E6-4AA8-84A2-BFAEDC62B008}"
	ProjectSection(WebsiteProperties) = preProject
		TargetFrameworkMoniker = ".NETFramework,Version%3Dv4.6.1"
		Debug.AspNetCompiler.VirtualPath = "/localhost_51573"
		Debug.AspNetCompiler.PhysicalPath = "..\..\WebSites\Nimish\"
		Debug.AspNetCompiler.TargetPath = "PrecompiledWeb\localhost_51573\"
		Debug.AspNetCompiler.Updateable = "true"
		Debug.AspNetCompiler.ForceOverwrite = "true"
		Debug.AspNetCompiler.FixedNames = "false"
		Debug.AspNetCompiler.Debug = "True"
		Release.AspNetCompiler.VirtualPath = "/localhost_51573"
		Release.AspNetCompiler.PhysicalPath = "..\..\WebSites\Nimish\"
		Release.AspNetCompiler.TargetPath = "PrecompiledWeb\localhost_51573\"
		Release.AspNetCompiler.Updateable = "true"
		Release.AspNetCompiler.ForceOverwrite = "true"
		Release.AspNetCompiler.FixedNames = "false"
		Release.AspNetCompiler.Debug = "False"
		VWDPort = "51573"
		SlnRelativePath = "..\..\WebSites\Nimish\"
		DefaultWebSiteLanguage = "Visual C#"
	EndProjectSection
EndProject
Global
	GlobalSection(SolutionConfigurationPlatforms) = preSolution
		Debug|Any CPU = Debug|Any CPU
	EndGlobalSection
	GlobalSection(ProjectConfigurationPlatforms) = postSolution
		{9387A6ED-F5E6-4AA8-84A2-BFAEDC62B008}.Debug|Any CPU.ActiveCfg = Debug|Any CPU
		{9387A6ED-F5E6-4AA8-84A2-BFAEDC62B008}.Debug|Any CPU.Build.0 = Debug|Any CPU
	EndGlobalSection
	GlobalSection(SolutionProperties) = preSolution
		HideSolutionNode = FALSE
	EndGlobalSection
	GlobalSection(ExtensibilityGlobals) = postSolution
		SolutionGuid = {30D6D848-5DC5-4CD6-A9F0-1F244EC7FBF5}
	EndGlobalSection
EndGlobal
